
Microsoft Visual Studio Solution File, Format Version 12.00
# Visual Studio 15
VisualStudioVersion = 15.0.27130.2027
MinimumVisualStudioVersion = 10.0.40219.1
Project("{FAE04EC0-301F-11D3-BF4B-00C04F79EFBC}") = "Resto.IOS", "Resto.IOS\Resto.IOS.csproj", "{8508236B-5A54-4D9D-AB4B-7E5F225C55CA}"
EndProject
Project("{FAE04EC0-301F-11D3-BF4B-00C04F79EFBC}") = "Resto.Core", "Resto.Core\Resto.Core.csproj", "{B5FEAB23-BBEA-478C-B817-986884DA269C}"
EndProject
Global
	GlobalSection(SolutionConfigurationPlatforms) = preSolution
		Debug|Any CPU = Debug|Any CPU
		Debug|iPhone = Debug|iPhone
		Debug|iPhoneSimulator = Debug|iPhoneSimulator
		Release|Any CPU = Release|Any CPU
		Release|iPhone = Release|iPhone
		Release|iPhoneSimulator = Release|iPhoneSimulator
	EndGlobalSection
	GlobalSection(ProjectConfigurationPlatforms) = postSolution
		{8508236B-5A54-4D9D-AB4B-7E5F225C55CA}.Debug|Any CPU.ActiveCfg = Debug|iPhone
		{8508236B-5A54-4D9D-AB4B-7E5F225C55CA}.Debug|iPhone.ActiveCfg = Debug|iPhone
		{8508236B-5A54-4D9D-AB4B-7E5F225C55CA}.Debug|iPhone.Build.0 = Debug|iPhone
		{8508236B-5A54-4D9D-AB4B-7E5F225C55CA}.Debug|iPhoneSimulator.ActiveCfg = Debug|iPhoneSimulator
		{8508236B-5A54-4D9D-AB4B-7E5F225C55CA}.Debug|iPhoneSimulator.Build.0 = Debug|iPhoneSimulator
		{8508236B-5A54-4D9D-AB4B-7E5F225C55CA}.Release|Any CPU.ActiveCfg = Release|iPhone
		{8508236B-5A54-4D9D-AB4B-7E5F225C55CA}.Release|iPhone.ActiveCfg = Release|iPhone
		{8508236B-5A54-4D9D-AB4B-7E5F225C55CA}.Release|iPhone.Build.0 = Release|iPhone
		{8508236B-5A54-4D9D-AB4B-7E5F225C55CA}.Release|iPhoneSimulator.ActiveCfg = Release|iPhoneSimulator
		{8508236B-5A54-4D9D-AB4B-7E5F225C55CA}.Release|iPhoneSimulator.Build.0 = Release|iPhoneSimulator
		{B5FEAB23-BBEA-478C-B817-986884DA269C}.Debug|Any CPU.ActiveCfg = Debug|Any CPU
		{B5FEAB23-BBEA-478C-B817-986884DA269C}.Debug|Any CPU.Build.0 = Debug|Any CPU
		{B5FEAB23-BBEA-478C-B817-986884DA269C}.Debug|iPhone.ActiveCfg = Debug|Any CPU
		{B5FEAB23-BBEA-478C-B817-986884DA269C}.Debug|iPhone.Build.0 = Debug|Any CPU
		{B5FEAB23-BBEA-478C-B817-986884DA269C}.Debug|iPhoneSimulator.ActiveCfg = Debug|Any CPU
		{B5FEAB23-BBEA-478C-B817-986884DA269C}.Debug|iPhoneSimulator.Build.0 = Debug|Any CPU
		{B5FEAB23-BBEA-478C-B817-986884DA269C}.Release|Any CPU.ActiveCfg = Release|Any CPU
		{B5FEAB23-BBEA-478C-B817-986884DA269C}.Release|Any CPU.Build.0 = Release|Any CPU
		{B5FEAB23-BBEA-478C-B817-986884DA269C}.Release|iPhone.ActiveCfg = Release|Any CPU
		{B5FEAB23-BBEA-478C-B817-986884DA269C}.Release|iPhone.Build.0 = Release|Any CPU
		{B5FEAB23-BBEA-478C-B817-986884DA269C}.Release|iPhoneSimulator.ActiveCfg = Release|Any CPU
		{B5FEAB23-BBEA-478C-B817-986884DA269C}.Release|iPhoneSimulator.Build.0 = Release|Any CPU
	EndGlobalSection
	GlobalSection(SolutionProperties) = preSolution
		HideSolutionNode = FALSE
	EndGlobalSection
	GlobalSection(ExtensibilityGlobals) = postSolution
		SolutionGuid = {AAA7F53F-A192-4858-BE09-0B2A25BA1F06}
	EndGlobalSection
EndGlobal
