
Microsoft Visual Studio Solution File, Format Version 12.00
# Visual Studio 15
VisualStudioVersion = 15.0.27428.1
MinimumVisualStudioVersion = 10.0.40219.1
Project("{FAE04EC0-301F-11D3-BF4B-00C04F79EFBC}") = "NMCT.TipCalculator.iOS", "NMCT.TipCalculator.iOS\NMCT.TipCalculator.iOS.csproj", "{DAD63EA5-B691-4A13-9D06-3892B076F1A6}"
EndProject
Project("{FAE04EC0-301F-11D3-BF4B-00C04F79EFBC}") = "NMCT.TipCalculator.Core", "NMCT.TipCalculator.Core\NMCT.TipCalculator.Core.csproj", "{4DC051EF-0BC8-413B-993E-60C7DBA6939B}"
EndProject
Global
	GlobalSection(SolutionConfigurationPlatforms) = preSolution
		Debug|Any CPU = Debug|Any CPU
		Debug|iPhone = Debug|iPhone
		Debug|iPhoneSimulator = Debug|iPhoneSimulator
		Release|Any CPU = Release|Any CPU
		Release|iPhone = Release|iPhone
		Release|iPhoneSimulator = Release|iPhoneSimulator
	EndGlobalSection
	GlobalSection(ProjectConfigurationPlatforms) = postSolution
		{DAD63EA5-B691-4A13-9D06-3892B076F1A6}.Debug|Any CPU.ActiveCfg = Debug|iPhone
		{DAD63EA5-B691-4A13-9D06-3892B076F1A6}.Debug|iPhone.ActiveCfg = Debug|iPhone
		{DAD63EA5-B691-4A13-9D06-3892B076F1A6}.Debug|iPhone.Build.0 = Debug|iPhone
		{DAD63EA5-B691-4A13-9D06-3892B076F1A6}.Debug|iPhoneSimulator.ActiveCfg = Debug|iPhoneSimulator
		{DAD63EA5-B691-4A13-9D06-3892B076F1A6}.Debug|iPhoneSimulator.Build.0 = Debug|iPhoneSimulator
		{DAD63EA5-B691-4A13-9D06-3892B076F1A6}.Release|Any CPU.ActiveCfg = Release|iPhone
		{DAD63EA5-B691-4A13-9D06-3892B076F1A6}.Release|iPhone.ActiveCfg = Release|iPhone
		{DAD63EA5-B691-4A13-9D06-3892B076F1A6}.Release|iPhone.Build.0 = Release|iPhone
		{DAD63EA5-B691-4A13-9D06-3892B076F1A6}.Release|iPhoneSimulator.ActiveCfg = Release|iPhoneSimulator
		{DAD63EA5-B691-4A13-9D06-3892B076F1A6}.Release|iPhoneSimulator.Build.0 = Release|iPhoneSimulator
		{4DC051EF-0BC8-413B-993E-60C7DBA6939B}.Debug|Any CPU.ActiveCfg = Debug|Any CPU
		{4DC051EF-0BC8-413B-993E-60C7DBA6939B}.Debug|Any CPU.Build.0 = Debug|Any CPU
		{4DC051EF-0BC8-413B-993E-60C7DBA6939B}.Debug|iPhone.ActiveCfg = Debug|Any CPU
		{4DC051EF-0BC8-413B-993E-60C7DBA6939B}.Debug|iPhone.Build.0 = Debug|Any CPU
		{4DC051EF-0BC8-413B-993E-60C7DBA6939B}.Debug|iPhoneSimulator.ActiveCfg = Debug|Any CPU
		{4DC051EF-0BC8-413B-993E-60C7DBA6939B}.Debug|iPhoneSimulator.Build.0 = Debug|Any CPU
		{4DC051EF-0BC8-413B-993E-60C7DBA6939B}.Release|Any CPU.ActiveCfg = Release|Any CPU
		{4DC051EF-0BC8-413B-993E-60C7DBA6939B}.Release|Any CPU.Build.0 = Release|Any CPU
		{4DC051EF-0BC8-413B-993E-60C7DBA6939B}.Release|iPhone.ActiveCfg = Release|Any CPU
		{4DC051EF-0BC8-413B-993E-60C7DBA6939B}.Release|iPhone.Build.0 = Release|Any CPU
		{4DC051EF-0BC8-413B-993E-60C7DBA6939B}.Release|iPhoneSimulator.ActiveCfg = Release|Any CPU
		{4DC051EF-0BC8-413B-993E-60C7DBA6939B}.Release|iPhoneSimulator.Build.0 = Release|Any CPU
	EndGlobalSection
	GlobalSection(SolutionProperties) = preSolution
		HideSolutionNode = FALSE
	EndGlobalSection
	GlobalSection(ExtensibilityGlobals) = postSolution
		SolutionGuid = {4012C170-3F36-40E6-A86E-C47068352FD6}
	EndGlobalSection
EndGlobal
