
Microsoft Visual Studio Solution File, Format Version 12.00
# Visual Studio 15
VisualStudioVersion = 15.0.27428.2005
MinimumVisualStudioVersion = 10.0.40219.1
Project("{FAE04EC0-301F-11D3-BF4B-00C04F79EFBC}") = "TakenApp.iOS", "TakenApp.iOS\TakenApp.iOS.csproj", "{CAD2138F-8901-40AD-A72A-A20409617839}"
EndProject
Project("{FAE04EC0-301F-11D3-BF4B-00C04F79EFBC}") = "TakenApp.Shared", "TakenApp.Shared\TakenApp.Shared.csproj", "{6CF810C5-E555-4BEE-8E61-56299F83615E}"
EndProject
Global
	GlobalSection(SolutionConfigurationPlatforms) = preSolution
		Debug|Any CPU = Debug|Any CPU
		Debug|iPhone = Debug|iPhone
		Debug|iPhoneSimulator = Debug|iPhoneSimulator
		Release|Any CPU = Release|Any CPU
		Release|iPhone = Release|iPhone
		Release|iPhoneSimulator = Release|iPhoneSimulator
	EndGlobalSection
	GlobalSection(ProjectConfigurationPlatforms) = postSolution
		{CAD2138F-8901-40AD-A72A-A20409617839}.Debug|Any CPU.ActiveCfg = Debug|iPhone
		{CAD2138F-8901-40AD-A72A-A20409617839}.Debug|iPhone.ActiveCfg = Debug|iPhone
		{CAD2138F-8901-40AD-A72A-A20409617839}.Debug|iPhone.Build.0 = Debug|iPhone
		{CAD2138F-8901-40AD-A72A-A20409617839}.Debug|iPhoneSimulator.ActiveCfg = Debug|iPhoneSimulator
		{CAD2138F-8901-40AD-A72A-A20409617839}.Debug|iPhoneSimulator.Build.0 = Debug|iPhoneSimulator
		{CAD2138F-8901-40AD-A72A-A20409617839}.Release|Any CPU.ActiveCfg = Release|iPhone
		{CAD2138F-8901-40AD-A72A-A20409617839}.Release|iPhone.ActiveCfg = Release|iPhone
		{CAD2138F-8901-40AD-A72A-A20409617839}.Release|iPhone.Build.0 = Release|iPhone
		{CAD2138F-8901-40AD-A72A-A20409617839}.Release|iPhoneSimulator.ActiveCfg = Release|iPhoneSimulator
		{CAD2138F-8901-40AD-A72A-A20409617839}.Release|iPhoneSimulator.Build.0 = Release|iPhoneSimulator
		{6CF810C5-E555-4BEE-8E61-56299F83615E}.Debug|Any CPU.ActiveCfg = Debug|Any CPU
		{6CF810C5-E555-4BEE-8E61-56299F83615E}.Debug|Any CPU.Build.0 = Debug|Any CPU
		{6CF810C5-E555-4BEE-8E61-56299F83615E}.Debug|iPhone.ActiveCfg = Debug|Any CPU
		{6CF810C5-E555-4BEE-8E61-56299F83615E}.Debug|iPhone.Build.0 = Debug|Any CPU
		{6CF810C5-E555-4BEE-8E61-56299F83615E}.Debug|iPhoneSimulator.ActiveCfg = Debug|Any CPU
		{6CF810C5-E555-4BEE-8E61-56299F83615E}.Debug|iPhoneSimulator.Build.0 = Debug|Any CPU
		{6CF810C5-E555-4BEE-8E61-56299F83615E}.Release|Any CPU.ActiveCfg = Release|Any CPU
		{6CF810C5-E555-4BEE-8E61-56299F83615E}.Release|Any CPU.Build.0 = Release|Any CPU
		{6CF810C5-E555-4BEE-8E61-56299F83615E}.Release|iPhone.ActiveCfg = Release|Any CPU
		{6CF810C5-E555-4BEE-8E61-56299F83615E}.Release|iPhone.Build.0 = Release|Any CPU
		{6CF810C5-E555-4BEE-8E61-56299F83615E}.Release|iPhoneSimulator.ActiveCfg = Release|Any CPU
		{6CF810C5-E555-4BEE-8E61-56299F83615E}.Release|iPhoneSimulator.Build.0 = Release|Any CPU
	EndGlobalSection
	GlobalSection(SolutionProperties) = preSolution
		HideSolutionNode = FALSE
	EndGlobalSection
	GlobalSection(ExtensibilityGlobals) = postSolution
		SolutionGuid = {BA7863D1-1D01-4A1E-834A-790B49897146}
	EndGlobalSection
EndGlobal
